
Microsoft Visual Studio Solution File, Format Version 12.00
# Visual Studio Version 17
VisualStudioVersion = 17.5.002.0
MinimumVisualStudioVersion = 10.0.40219.1
Project("{9A19103F-16F7-4668-BE54-9A1E7A4F7556}") = "Sharpey", "Sharpey.csproj", "{241BAC29-62DE-4977-AC4F-AA9CF2ED64E3}"
EndProject
Global
	GlobalSection(SolutionConfigurationPlatforms) = preSolution
		Debug|Any CPU = Debug|Any CPU
		Release|Any CPU = Release|Any CPU
	EndGlobalSection
	GlobalSection(ProjectConfigurationPlatforms) = postSolution
		{241BAC29-62DE-4977-AC4F-AA9CF2ED64E3}.Debug|Any CPU.ActiveCfg = Debug|Any CPU
		{241BAC29-62DE-4977-AC4F-AA9CF2ED64E3}.Debug|Any CPU.Build.0 = Debug|Any CPU
		{241BAC29-62DE-4977-AC4F-AA9CF2ED64E3}.Release|Any CPU.ActiveCfg = Release|Any CPU
		{241BAC29-62DE-4977-AC4F-AA9CF2ED64E3}.Release|Any CPU.Build.0 = Release|Any CPU
	EndGlobalSection
	GlobalSection(SolutionProperties) = preSolution
		HideSolutionNode = FALSE
	EndGlobalSection
	GlobalSection(ExtensibilityGlobals) = postSolution
		SolutionGuid = {11BF47CF-5342-49CF-82A1-CA1BD90D4061}
	EndGlobalSection
EndGlobal
